{
  "requires": true,
  "lockfileVersion": 1,
  "dependencies": {
    "chord-dictionary": {
      "version": "0.2.0",
      "resolved": "https://registry.npmjs.org/chord-dictionary/-/chord-dictionary-0.2.0.tgz",
      "integrity": "sha1-QMnujw3nEvsHDxvftTXUO79UWDs=",
      "requires": {
        "music-dictionary": "0.2.2"
      }
    },
    "midi-freq": {
      "version": "1.0.1",
      "resolved": "https://registry.npmjs.org/midi-freq/-/midi-freq-1.0.1.tgz",
      "integrity": "sha1-xGAVaNLZpIJqgFLfaGr0vCKn3gc="
    },
    "music-dictionary": {
      "version": "0.2.2",
      "resolved": "https://registry.npmjs.org/music-dictionary/-/music-dictionary-0.2.2.tgz",
      "integrity": "sha1-DDGbd25z3PZGX76HQbPGZS9/KNU=",
      "requires": {
        "music-notation": "1.0.1",
        "note-transposer": "1.0.4"
      }
    },
    "music-notation": {
      "version": "1.0.1",
      "resolved": "https://registry.npmjs.org/music-notation/-/music-notation-1.0.1.tgz",
      "integrity": "sha1-M+kDS2n/Ann4Tpx9Li49EJO2qvk="
    },
    "note-midi": {
      "version": "1.0.2",
      "resolved": "https://registry.npmjs.org/note-midi/-/note-midi-1.0.2.tgz",
      "integrity": "sha1-AMZADSyoUA74Oq2WC1YpRDnAgHw=",
      "requires": {
        "music-notation": "1.0.1"
      }
    },
    "note-transposer": {
      "version": "1.0.4",
      "resolved": "https://registry.npmjs.org/note-transposer/-/note-transposer-1.0.4.tgz",
      "integrity": "sha1-h4q9Ra1lddvz442xholvm69KBqY=",
      "requires": {
        "music-notation": "1.0.1"
      }
    },
    "scorejs": {
      "version": "0.10.0",
      "resolved": "https://registry.npmjs.org/scorejs/-/scorejs-0.10.0.tgz",
      "integrity": "sha1-bBathLGHMKiGMw3xiISV2/j4Rhc=",
      "requires": {
        "chord-dictionary": "0.2.0",
        "midi-freq": "1.0.1",
        "note-midi": "1.0.2",
        "note-transposer": "1.0.4"
      }
    },
    "tonal-array": {
      "version": "2.0.0",
      "resolved": "https://registry.npmjs.org/tonal-array/-/tonal-array-2.0.0.tgz",
      "integrity": "sha512-SqbPkmHXEmAZEPmwELfKAyddAzpDST346MgH8dFnUcE5lEg5nQwr4YsjPRI3KDfNBVDd2/2u4KohF5c8PY7Fqg==",
      "requires": {
        "tonal-note": "2.0.0"
      }
    },
    "tonal-detect": {
      "version": "2.0.0",
      "resolved": "https://registry.npmjs.org/tonal-detect/-/tonal-detect-2.0.0.tgz",
      "integrity": "sha512-vrPZVfPTF7b2TkxEtsMLY103s4PGjly5A2dBo53gKXSLgu16sifL0AokdUO0a4pdk5LUbrAinNQMaSZI7YKayQ==",
      "requires": {
        "tonal-array": "2.0.0",
        "tonal-dictionary": "2.0.0",
        "tonal-note": "2.0.0",
        "tonal-pcset": "2.0.0"
      }
    },
    "tonal-dictionary": {
      "version": "2.0.0",
      "resolved": "https://registry.npmjs.org/tonal-dictionary/-/tonal-dictionary-2.0.0.tgz",
      "integrity": "sha512-zqpm91T6jClSadzH1dvYSAkBFBzjWTYW9/96DVuQ78Mzxyqr3RLWHwpClJ6jIIDAnwGXpiZWfs8s+SL2uWCqRQ==",
      "requires": {
        "tonal-array": "2.0.0",
        "tonal-note": "2.0.0",
        "tonal-pcset": "2.0.0"
      }
    },
    "tonal-interval": {
      "version": "2.0.0",
      "resolved": "https://registry.npmjs.org/tonal-interval/-/tonal-interval-2.0.0.tgz",
      "integrity": "sha512-pXobehztDC/dlZsQT5KOca/7wszBjrAULXFlvpzzWPgsCv3808fdN6mR3g/dTZOEG47AP6CpzAxZzNBgbJbCXg=="
    },
    "tonal-note": {
      "version": "2.0.0",
      "resolved": "https://registry.npmjs.org/tonal-note/-/tonal-note-2.0.0.tgz",
      "integrity": "sha512-ZUeAloZQE2L3lhobVn7yCX7tT0x+iim26EIkZt8P7f5i4LCxbw/NifS2MgdcCL0Dh+CnaoGD/YMH9QhRmX7Tig=="
    },
    "tonal-pcset": {
      "version": "2.0.0",
      "resolved": "https://registry.npmjs.org/tonal-pcset/-/tonal-pcset-2.0.0.tgz",
      "integrity": "sha512-liEq3QvGF13O8PerJ+Xu+NEM3o/ByU+TsZX8JsResozf+McY/pYhSrhTYBn9zmyBFTbppMNkvfIarOb+JPA9zA==",
      "requires": {
        "tonal-array": "2.0.0",
        "tonal-interval": "2.0.0",
        "tonal-note": "2.0.0"
      }
    }
  }
}
